// !$*UTF8*$!
{
	archiveVersion = 1;
	classes = {
	};
	objectVersion = 56;
	objects = {

/* Begin PBXBuildFile section */
		772568D72AF57AF400B1A71B /* FetchCodingChallengeApp.swift in Sources */ = {isa = PBXBuildFile; fileRef = 772568D62AF57AF400B1A71B /* FetchCodingChallengeApp.swift */; };
		772568D92AF57AF400B1A71B /* ContentView.swift in Sources */ = {isa = PBXBuildFile; fileRef = 772568D82AF57AF400B1A71B /* ContentView.swift */; };
		772568DB2AF57AF500B1A71B /* Assets.xcassets in Resources */ = {isa = PBXBuildFile; fileRef = 772568DA2AF57AF500B1A71B /* Assets.xcassets */; };
		772568DE2AF57AF500B1A71B /* Preview Assets.xcassets in Resources */ = {isa = PBXBuildFile; fileRef = 772568DD2AF57AF500B1A71B /* Preview Assets.xcassets */; };
		772568F22AF57AF500B1A71B /* FetchCodingChallengeUITests.swift in Sources */ = {isa = PBXBuildFile; fileRef = 772568F12AF57AF500B1A71B /* FetchCodingChallengeUITests.swift */; };
		772568F42AF57AF500B1A71B /* FetchCodingChallengeUITestsLaunchTests.swift in Sources */ = {isa = PBXBuildFile; fileRef = 772568F32AF57AF500B1A71B /* FetchCodingChallengeUITestsLaunchTests.swift */; };
		774C748F2AF9913200133873 /* MealRepositoryProtocol.swift in Sources */ = {isa = PBXBuildFile; fileRef = 774C748E2AF9913200133873 /* MealRepositoryProtocol.swift */; };
		774C74922AF9919300133873 /* MealRepository.swift in Sources */ = {isa = PBXBuildFile; fileRef = 774C74912AF9919300133873 /* MealRepository.swift */; };
		776BB80B2AF9952E00742E82 /* MealSummaryViewModelProtocol.swift in Sources */ = {isa = PBXBuildFile; fileRef = 776BB80A2AF9952E00742E82 /* MealSummaryViewModelProtocol.swift */; };
		776BB80E2AF9954B00742E82 /* MealSummaryViewModel.swift in Sources */ = {isa = PBXBuildFile; fileRef = 776BB80D2AF9954B00742E82 /* MealSummaryViewModel.swift */; };
		776BB8112AF995D900742E82 /* MealSummaryViewModelTests.swift in Sources */ = {isa = PBXBuildFile; fileRef = 776BB8102AF995D900742E82 /* MealSummaryViewModelTests.swift */; };
		776BB82E2AF9AB9C00742E82 /* MockMealSummary.swift in Sources */ = {isa = PBXBuildFile; fileRef = 776BB82D2AF9AB9C00742E82 /* MockMealSummary.swift */; };
		776BB8312AF9ABCD00742E82 /* MockMealDetail.swift in Sources */ = {isa = PBXBuildFile; fileRef = 776BB8302AF9ABCD00742E82 /* MockMealDetail.swift */; };
		776BB8352AF9ADC600742E82 /* MockMealRepository.swift in Sources */ = {isa = PBXBuildFile; fileRef = 776BB8342AF9ADC600742E82 /* MockMealRepository.swift */; };
		776BB8392AF9BB7600742E82 /* MockMealSummaryViewModel.swift in Sources */ = {isa = PBXBuildFile; fileRef = 776BB8382AF9BB7600742E82 /* MockMealSummaryViewModel.swift */; };
		776BB83C2AF9BC0A00742E82 /* MealDetailViewModelProtocol.swift in Sources */ = {isa = PBXBuildFile; fileRef = 776BB83B2AF9BC0A00742E82 /* MealDetailViewModelProtocol.swift */; };
		776BB83E2AF9BC2500742E82 /* MealDetailViewModel.swift in Sources */ = {isa = PBXBuildFile; fileRef = 776BB83D2AF9BC2500742E82 /* MealDetailViewModel.swift */; };
		776BB8402AF9BD8700742E82 /* MealDetailViewModelTest.swift in Sources */ = {isa = PBXBuildFile; fileRef = 776BB83F2AF9BD8700742E82 /* MealDetailViewModelTest.swift */; };
		776BB8432AF9C1E200742E82 /* MealSummaryView.swift in Sources */ = {isa = PBXBuildFile; fileRef = 776BB8422AF9C1E200742E82 /* MealSummaryView.swift */; };
		777BD95F2AF6CF4B00EB56CC /* Kingfisher in Frameworks */ = {isa = PBXBuildFile; productRef = 777BD95E2AF6CF4B00EB56CC /* Kingfisher */; };
		777BD9622AF6CF9500EB56CC /* OHHTTPStubs in Frameworks */ = {isa = PBXBuildFile; productRef = 777BD9612AF6CF9500EB56CC /* OHHTTPStubs */; };
		777BD9642AF6CF9500EB56CC /* OHHTTPStubsSwift in Frameworks */ = {isa = PBXBuildFile; productRef = 777BD9632AF6CF9500EB56CC /* OHHTTPStubsSwift */; };
		777BD96B2AF6D0B400EB56CC /* XCTest.framework in Frameworks */ = {isa = PBXBuildFile; fileRef = 777BD9692AF6D05200EB56CC /* XCTest.framework */; platformFilter = ios; };
		777BD96C2AF6D0BD00EB56CC /* XCTest.framework in Frameworks */ = {isa = PBXBuildFile; fileRef = 777BD9692AF6D05200EB56CC /* XCTest.framework */; platformFilter = ios; };
		777BD9782AF6DD4100EB56CC /* ModelTests.swift in Sources */ = {isa = PBXBuildFile; fileRef = 777BD9772AF6DD4100EB56CC /* ModelTests.swift */; };
		777BD97C2AF6E05000EB56CC /* MealSummaryProtocol.swift in Sources */ = {isa = PBXBuildFile; fileRef = 777BD97B2AF6E05000EB56CC /* MealSummaryProtocol.swift */; };
		777BD97E2AF6E06200EB56CC /* MealSummary.swift in Sources */ = {isa = PBXBuildFile; fileRef = 777BD97D2AF6E06200EB56CC /* MealSummary.swift */; };
		777BD9802AF6E0C600EB56CC /* MealDetailProtocol.swift in Sources */ = {isa = PBXBuildFile; fileRef = 777BD97F2AF6E0C600EB56CC /* MealDetailProtocol.swift */; };
		777BD9822AF6E0FC00EB56CC /* MealDetail.swift in Sources */ = {isa = PBXBuildFile; fileRef = 777BD9812AF6E0FC00EB56CC /* MealDetail.swift */; };
		778B0BD72AFACDBE004DD30F /* MealDetailView.swift in Sources */ = {isa = PBXBuildFile; fileRef = 778B0BD62AFACDBE004DD30F /* MealDetailView.swift */; };
/* End PBXBuildFile section */

/* Begin PBXContainerItemProxy section */
		772568E42AF57AF500B1A71B /* PBXContainerItemProxy */ = {
			isa = PBXContainerItemProxy;
			containerPortal = 772568CB2AF57AF400B1A71B /* Project object */;
			proxyType = 1;
			remoteGlobalIDString = 772568D22AF57AF400B1A71B;
			remoteInfo = FetchCodingChallenge;
		};
		772568EE2AF57AF500B1A71B /* PBXContainerItemProxy */ = {
			isa = PBXContainerItemProxy;
			containerPortal = 772568CB2AF57AF400B1A71B /* Project object */;
			proxyType = 1;
			remoteGlobalIDString = 772568D22AF57AF400B1A71B;
			remoteInfo = FetchCodingChallenge;
		};
/* End PBXContainerItemProxy section */

/* Begin PBXFileReference section */
		772568D32AF57AF400B1A71B /* FetchCodingChallenge.app */ = {isa = PBXFileReference; explicitFileType = wrapper.application; includeInIndex = 0; path = FetchCodingChallenge.app; sourceTree = BUILT_PRODUCTS_DIR; };
		772568D62AF57AF400B1A71B /* FetchCodingChallengeApp.swift */ = {isa = PBXFileReference; lastKnownFileType = sourcecode.swift; path = FetchCodingChallengeApp.swift; sourceTree = "<group>"; };
		772568D82AF57AF400B1A71B /* ContentView.swift */ = {isa = PBXFileReference; lastKnownFileType = sourcecode.swift; path = ContentView.swift; sourceTree = "<group>"; };
		772568DA2AF57AF500B1A71B /* Assets.xcassets */ = {isa = PBXFileReference; lastKnownFileType = folder.assetcatalog; path = Assets.xcassets; sourceTree = "<group>"; };
		772568DD2AF57AF500B1A71B /* Preview Assets.xcassets */ = {isa = PBXFileReference; lastKnownFileType = folder.assetcatalog; path = "Preview Assets.xcassets"; sourceTree = "<group>"; };
		772568E32AF57AF500B1A71B /* FetchCodingChallengeTests.xctest */ = {isa = PBXFileReference; explicitFileType = wrapper.cfbundle; includeInIndex = 0; path = FetchCodingChallengeTests.xctest; sourceTree = BUILT_PRODUCTS_DIR; };
		772568ED2AF57AF500B1A71B /* FetchCodingChallengeUITests.xctest */ = {isa = PBXFileReference; explicitFileType = wrapper.cfbundle; includeInIndex = 0; path = FetchCodingChallengeUITests.xctest; sourceTree = BUILT_PRODUCTS_DIR; };
		772568F12AF57AF500B1A71B /* FetchCodingChallengeUITests.swift */ = {isa = PBXFileReference; lastKnownFileType = sourcecode.swift; path = FetchCodingChallengeUITests.swift; sourceTree = "<group>"; };
		772568F32AF57AF500B1A71B /* FetchCodingChallengeUITestsLaunchTests.swift */ = {isa = PBXFileReference; lastKnownFileType = sourcecode.swift; path = FetchCodingChallengeUITestsLaunchTests.swift; sourceTree = "<group>"; };
		774C748E2AF9913200133873 /* MealRepositoryProtocol.swift */ = {isa = PBXFileReference; lastKnownFileType = sourcecode.swift; path = MealRepositoryProtocol.swift; sourceTree = "<group>"; };
		774C74912AF9919300133873 /* MealRepository.swift */ = {isa = PBXFileReference; lastKnownFileType = sourcecode.swift; path = MealRepository.swift; sourceTree = "<group>"; };
		776BB80A2AF9952E00742E82 /* MealSummaryViewModelProtocol.swift */ = {isa = PBXFileReference; lastKnownFileType = sourcecode.swift; path = MealSummaryViewModelProtocol.swift; sourceTree = "<group>"; };
		776BB80D2AF9954B00742E82 /* MealSummaryViewModel.swift */ = {isa = PBXFileReference; lastKnownFileType = sourcecode.swift; path = MealSummaryViewModel.swift; sourceTree = "<group>"; };
		776BB8102AF995D900742E82 /* MealSummaryViewModelTests.swift */ = {isa = PBXFileReference; lastKnownFileType = sourcecode.swift; path = MealSummaryViewModelTests.swift; sourceTree = "<group>"; };
		776BB82D2AF9AB9C00742E82 /* MockMealSummary.swift */ = {isa = PBXFileReference; lastKnownFileType = sourcecode.swift; path = MockMealSummary.swift; sourceTree = "<group>"; };
		776BB8302AF9ABCD00742E82 /* MockMealDetail.swift */ = {isa = PBXFileReference; lastKnownFileType = sourcecode.swift; path = MockMealDetail.swift; sourceTree = "<group>"; };
		776BB8342AF9ADC600742E82 /* MockMealRepository.swift */ = {isa = PBXFileReference; lastKnownFileType = sourcecode.swift; path = MockMealRepository.swift; sourceTree = "<group>"; };
		776BB8382AF9BB7600742E82 /* MockMealSummaryViewModel.swift */ = {isa = PBXFileReference; lastKnownFileType = sourcecode.swift; path = MockMealSummaryViewModel.swift; sourceTree = "<group>"; };
		776BB83B2AF9BC0A00742E82 /* MealDetailViewModelProtocol.swift */ = {isa = PBXFileReference; lastKnownFileType = sourcecode.swift; path = MealDetailViewModelProtocol.swift; sourceTree = "<group>"; };
		776BB83D2AF9BC2500742E82 /* MealDetailViewModel.swift */ = {isa = PBXFileReference; lastKnownFileType = sourcecode.swift; path = MealDetailViewModel.swift; sourceTree = "<group>"; };
		776BB83F2AF9BD8700742E82 /* MealDetailViewModelTest.swift */ = {isa = PBXFileReference; lastKnownFileType = sourcecode.swift; path = MealDetailViewModelTest.swift; sourceTree = "<group>"; };
		776BB8422AF9C1E200742E82 /* MealSummaryView.swift */ = {isa = PBXFileReference; lastKnownFileType = sourcecode.swift; path = MealSummaryView.swift; sourceTree = "<group>"; };
		777BD9692AF6D05200EB56CC /* XCTest.framework */ = {isa = PBXFileReference; lastKnownFileType = wrapper.framework; name = XCTest.framework; path = Platforms/iPhoneOS.platform/Developer/Library/Frameworks/XCTest.framework; sourceTree = DEVELOPER_DIR; };
		777BD9772AF6DD4100EB56CC /* ModelTests.swift */ = {isa = PBXFileReference; lastKnownFileType = sourcecode.swift; path = ModelTests.swift; sourceTree = "<group>"; };
		777BD97B2AF6E05000EB56CC /* MealSummaryProtocol.swift */ = {isa = PBXFileReference; lastKnownFileType = sourcecode.swift; path = MealSummaryProtocol.swift; sourceTree = "<group>"; };
		777BD97D2AF6E06200EB56CC /* MealSummary.swift */ = {isa = PBXFileReference; lastKnownFileType = sourcecode.swift; path = MealSummary.swift; sourceTree = "<group>"; };
		777BD97F2AF6E0C600EB56CC /* MealDetailProtocol.swift */ = {isa = PBXFileReference; lastKnownFileType = sourcecode.swift; path = MealDetailProtocol.swift; sourceTree = "<group>"; };
		777BD9812AF6E0FC00EB56CC /* MealDetail.swift */ = {isa = PBXFileReference; lastKnownFileType = sourcecode.swift; path = MealDetail.swift; sourceTree = "<group>"; };
		778B0BD62AFACDBE004DD30F /* MealDetailView.swift */ = {isa = PBXFileReference; lastKnownFileType = sourcecode.swift; path = MealDetailView.swift; sourceTree = "<group>"; };
/* End PBXFileReference section */

/* Begin PBXFrameworksBuildPhase section */
		772568D02AF57AF400B1A71B /* Frameworks */ = {
			isa = PBXFrameworksBuildPhase;
			buildActionMask = 2147483647;
			files = (
				777BD95F2AF6CF4B00EB56CC /* Kingfisher in Frameworks */,
				777BD9642AF6CF9500EB56CC /* OHHTTPStubsSwift in Frameworks */,
				777BD9622AF6CF9500EB56CC /* OHHTTPStubs in Frameworks */,
			);
			runOnlyForDeploymentPostprocessing = 0;
		};
		772568E02AF57AF500B1A71B /* Frameworks */ = {
			isa = PBXFrameworksBuildPhase;
			buildActionMask = 2147483647;
			files = (
				777BD96B2AF6D0B400EB56CC /* XCTest.framework in Frameworks */,
			);
			runOnlyForDeploymentPostprocessing = 0;
		};
		772568EA2AF57AF500B1A71B /* Frameworks */ = {
			isa = PBXFrameworksBuildPhase;
			buildActionMask = 2147483647;
			files = (
				777BD96C2AF6D0BD00EB56CC /* XCTest.framework in Frameworks */,
			);
			runOnlyForDeploymentPostprocessing = 0;
		};
/* End PBXFrameworksBuildPhase section */

/* Begin PBXGroup section */
		772568CA2AF57AF400B1A71B = {
			isa = PBXGroup;
			children = (
				772568D52AF57AF400B1A71B /* FetchCodingChallenge */,
				772568E62AF57AF500B1A71B /* FetchCodingChallengeTests */,
				772568F02AF57AF500B1A71B /* FetchCodingChallengeUITests */,
				772568D42AF57AF400B1A71B /* Products */,
				777BD9682AF6D05100EB56CC /* Frameworks */,
			);
			sourceTree = "<group>";
		};
		772568D42AF57AF400B1A71B /* Products */ = {
			isa = PBXGroup;
			children = (
				772568D32AF57AF400B1A71B /* FetchCodingChallenge.app */,
				772568E32AF57AF500B1A71B /* FetchCodingChallengeTests.xctest */,
				772568ED2AF57AF500B1A71B /* FetchCodingChallengeUITests.xctest */,
			);
			name = Products;
			sourceTree = "<group>";
		};
		772568D52AF57AF400B1A71B /* FetchCodingChallenge */ = {
			isa = PBXGroup;
			children = (
				776BB8412AF9C1B700742E82 /* Views */,
				776BB80C2AF9954000742E82 /* ViewModels */,
				774C74902AF9917D00133873 /* Repositories */,
				777BD9792AF6DD7700EB56CC /* Protocols */,
				777BD9752AF6D57A00EB56CC /* Models */,
				772568D62AF57AF400B1A71B /* FetchCodingChallengeApp.swift */,
				772568D82AF57AF400B1A71B /* ContentView.swift */,
				772568DA2AF57AF500B1A71B /* Assets.xcassets */,
				772568DC2AF57AF500B1A71B /* Preview Content */,
			);
			path = FetchCodingChallenge;
			sourceTree = "<group>";
		};
		772568DC2AF57AF500B1A71B /* Preview Content */ = {
			isa = PBXGroup;
			children = (
				772568DD2AF57AF500B1A71B /* Preview Assets.xcassets */,
			);
			path = "Preview Content";
			sourceTree = "<group>";
		};
		772568E62AF57AF500B1A71B /* FetchCodingChallengeTests */ = {
			isa = PBXGroup;
			children = (
				776BB82B2AF9AA9900742E82 /* Mocks */,
				776BB80F2AF995B300742E82 /* ViewModelTests */,
				777BD9772AF6DD4100EB56CC /* ModelTests.swift */,
			);
			path = FetchCodingChallengeTests;
			sourceTree = "<group>";
		};
		772568F02AF57AF500B1A71B /* FetchCodingChallengeUITests */ = {
			isa = PBXGroup;
			children = (
				772568F12AF57AF500B1A71B /* FetchCodingChallengeUITests.swift */,
				772568F32AF57AF500B1A71B /* FetchCodingChallengeUITestsLaunchTests.swift */,
			);
			path = FetchCodingChallengeUITests;
			sourceTree = "<group>";
		};
		774C748D2AF9911800133873 /* Repositories */ = {
			isa = PBXGroup;
			children = (
				774C748E2AF9913200133873 /* MealRepositoryProtocol.swift */,
			);
			path = Repositories;
			sourceTree = "<group>";
		};
		774C74902AF9917D00133873 /* Repositories */ = {
			isa = PBXGroup;
			children = (
				774C74912AF9919300133873 /* MealRepository.swift */,
			);
			path = Repositories;
			sourceTree = "<group>";
		};
		776BB8092AF9951D00742E82 /* ViewModels */ = {
			isa = PBXGroup;
			children = (
				776BB80A2AF9952E00742E82 /* MealSummaryViewModelProtocol.swift */,
				776BB83B2AF9BC0A00742E82 /* MealDetailViewModelProtocol.swift */,
			);
			path = ViewModels;
			sourceTree = "<group>";
		};
		776BB80C2AF9954000742E82 /* ViewModels */ = {
			isa = PBXGroup;
			children = (
				776BB80D2AF9954B00742E82 /* MealSummaryViewModel.swift */,
				776BB83D2AF9BC2500742E82 /* MealDetailViewModel.swift */,
			);
			path = ViewModels;
			sourceTree = "<group>";
		};
		776BB80F2AF995B300742E82 /* ViewModelTests */ = {
			isa = PBXGroup;
			children = (
				776BB8102AF995D900742E82 /* MealSummaryViewModelTests.swift */,
				776BB83F2AF9BD8700742E82 /* MealDetailViewModelTest.swift */,
			);
			path = ViewModelTests;
			sourceTree = "<group>";
		};
		776BB82B2AF9AA9900742E82 /* Mocks */ = {
			isa = PBXGroup;
			children = (
				776BB8372AF9BB2900742E82 /* ViewModels */,
				776BB8332AF9AD8D00742E82 /* Repositories */,
				776BB82C2AF9AAA900742E82 /* Models */,
			);
			path = Mocks;
			sourceTree = "<group>";
		};
		776BB82C2AF9AAA900742E82 /* Models */ = {
			isa = PBXGroup;
			children = (
				776BB82D2AF9AB9C00742E82 /* MockMealSummary.swift */,
				776BB8302AF9ABCD00742E82 /* MockMealDetail.swift */,
			);
			path = Models;
			sourceTree = "<group>";
		};
		776BB8332AF9AD8D00742E82 /* Repositories */ = {
			isa = PBXGroup;
			children = (
				776BB8342AF9ADC600742E82 /* MockMealRepository.swift */,
			);
			path = Repositories;
			sourceTree = "<group>";
		};
		776BB8372AF9BB2900742E82 /* ViewModels */ = {
			isa = PBXGroup;
			children = (
				776BB8382AF9BB7600742E82 /* MockMealSummaryViewModel.swift */,
			);
			path = ViewModels;
			sourceTree = "<group>";
		};
		776BB8412AF9C1B700742E82 /* Views */ = {
			isa = PBXGroup;
			children = (
				776BB8422AF9C1E200742E82 /* MealSummaryView.swift */,
				778B0BD62AFACDBE004DD30F /* MealDetailView.swift */,
			);
			path = Views;
			sourceTree = "<group>";
		};
		777BD9682AF6D05100EB56CC /* Frameworks */ = {
			isa = PBXGroup;
			children = (
				777BD9692AF6D05200EB56CC /* XCTest.framework */,
			);
			name = Frameworks;
			sourceTree = "<group>";
		};
		777BD9752AF6D57A00EB56CC /* Models */ = {
			isa = PBXGroup;
			children = (
				777BD97D2AF6E06200EB56CC /* MealSummary.swift */,
				777BD9812AF6E0FC00EB56CC /* MealDetail.swift */,
			);
			path = Models;
			sourceTree = "<group>";
		};
		777BD9792AF6DD7700EB56CC /* Protocols */ = {
			isa = PBXGroup;
			children = (
				776BB8092AF9951D00742E82 /* ViewModels */,
				774C748D2AF9911800133873 /* Repositories */,
				777BD97A2AF6E03600EB56CC /* Models */,
			);
			path = Protocols;
			sourceTree = "<group>";
		};
		777BD97A2AF6E03600EB56CC /* Models */ = {
			isa = PBXGroup;
			children = (
				777BD97B2AF6E05000EB56CC /* MealSummaryProtocol.swift */,
				777BD97F2AF6E0C600EB56CC /* MealDetailProtocol.swift */,
			);
			path = Models;
			sourceTree = "<group>";
		};
/* End PBXGroup section */

/* Begin PBXNativeTarget section */
		772568D22AF57AF400B1A71B /* FetchCodingChallenge */ = {
			isa = PBXNativeTarget;
			buildConfigurationList = 772568F72AF57AF500B1A71B /* Build configuration list for PBXNativeTarget "FetchCodingChallenge" */;
			buildPhases = (
				772568CF2AF57AF400B1A71B /* Sources */,
				772568D02AF57AF400B1A71B /* Frameworks */,
				772568D12AF57AF400B1A71B /* Resources */,
			);
			buildRules = (
			);
			dependencies = (
			);
			name = FetchCodingChallenge;
			packageProductDependencies = (
				777BD95E2AF6CF4B00EB56CC /* Kingfisher */,
				777BD9612AF6CF9500EB56CC /* OHHTTPStubs */,
				777BD9632AF6CF9500EB56CC /* OHHTTPStubsSwift */,
			);
			productName = FetchCodingChallenge;
			productReference = 772568D32AF57AF400B1A71B /* FetchCodingChallenge.app */;
			productType = "com.apple.product-type.application";
		};
		772568E22AF57AF500B1A71B /* FetchCodingChallengeTests */ = {
			isa = PBXNativeTarget;
			buildConfigurationList = 772568FA2AF57AF500B1A71B /* Build configuration list for PBXNativeTarget "FetchCodingChallengeTests" */;
			buildPhases = (
				772568DF2AF57AF500B1A71B /* Sources */,
				772568E02AF57AF500B1A71B /* Frameworks */,
				772568E12AF57AF500B1A71B /* Resources */,
			);
			buildRules = (
			);
			dependencies = (
				772568E52AF57AF500B1A71B /* PBXTargetDependency */,
			);
			name = FetchCodingChallengeTests;
			packageProductDependencies = (
			);
			productName = FetchCodingChallengeTests;
			productReference = 772568E32AF57AF500B1A71B /* FetchCodingChallengeTests.xctest */;
			productType = "com.apple.product-type.bundle.unit-test";
		};
		772568EC2AF57AF500B1A71B /* FetchCodingChallengeUITests */ = {
			isa = PBXNativeTarget;
			buildConfigurationList = 772568FD2AF57AF500B1A71B /* Build configuration list for PBXNativeTarget "FetchCodingChallengeUITests" */;
			buildPhases = (
				772568E92AF57AF500B1A71B /* Sources */,
				772568EA2AF57AF500B1A71B /* Frameworks */,
				772568EB2AF57AF500B1A71B /* Resources */,
			);
			buildRules = (
			);
			dependencies = (
				772568EF2AF57AF500B1A71B /* PBXTargetDependency */,
			);
			name = FetchCodingChallengeUITests;
			packageProductDependencies = (
			);
			productName = FetchCodingChallengeUITests;
			productReference = 772568ED2AF57AF500B1A71B /* FetchCodingChallengeUITests.xctest */;
			productType = "com.apple.product-type.bundle.ui-testing";
		};
/* End PBXNativeTarget section */

/* Begin PBXProject section */
		772568CB2AF57AF400B1A71B /* Project object */ = {
			isa = PBXProject;
			attributes = {
				BuildIndependentTargetsInParallel = 1;
				LastSwiftUpdateCheck = 1430;
				LastUpgradeCheck = 1430;
				TargetAttributes = {
					772568D22AF57AF400B1A71B = {
						CreatedOnToolsVersion = 14.3.1;
					};
					772568E22AF57AF500B1A71B = {
						CreatedOnToolsVersion = 14.3.1;
						TestTargetID = 772568D22AF57AF400B1A71B;
					};
					772568EC2AF57AF500B1A71B = {
						CreatedOnToolsVersion = 14.3.1;
						TestTargetID = 772568D22AF57AF400B1A71B;
					};
				};
			};
			buildConfigurationList = 772568CE2AF57AF400B1A71B /* Build configuration list for PBXProject "FetchCodingChallenge" */;
			compatibilityVersion = "Xcode 14.0";
			developmentRegion = en;
			hasScannedForEncodings = 0;
			knownRegions = (
				en,
				Base,
			);
			mainGroup = 772568CA2AF57AF400B1A71B;
			packageReferences = (
				777BD95D2AF6CF4B00EB56CC /* XCRemoteSwiftPackageReference "Kingfisher" */,
				777BD9602AF6CF9500EB56CC /* XCRemoteSwiftPackageReference "OHHTTPStubs" */,
				776BB8242AF9AA5700742E82 /* XCRemoteSwiftPackageReference "SwiftMock" */,
			);
			productRefGroup = 772568D42AF57AF400B1A71B /* Products */;
			projectDirPath = "";
			projectRoot = "";
			targets = (
				772568D22AF57AF400B1A71B /* FetchCodingChallenge */,
				772568E22AF57AF500B1A71B /* FetchCodingChallengeTests */,
				772568EC2AF57AF500B1A71B /* FetchCodingChallengeUITests */,
			);
		};
/* End PBXProject section */

/* Begin PBXResourcesBuildPhase section */
		772568D12AF57AF400B1A71B /* Resources */ = {
			isa = PBXResourcesBuildPhase;
			buildActionMask = 2147483647;
			files = (
				772568DE2AF57AF500B1A71B /* Preview Assets.xcassets in Resources */,
				772568DB2AF57AF500B1A71B /* Assets.xcassets in Resources */,
			);
			runOnlyForDeploymentPostprocessing = 0;
		};
		772568E12AF57AF500B1A71B /* Resources */ = {
			isa = PBXResourcesBuildPhase;
			buildActionMask = 2147483647;
			files = (
			);
			runOnlyForDeploymentPostprocessing = 0;
		};
		772568EB2AF57AF500B1A71B /* Resources */ = {
			isa = PBXResourcesBuildPhase;
			buildActionMask = 2147483647;
			files = (
			);
			runOnlyForDeploymentPostprocessing = 0;
		};
/* End PBXResourcesBuildPhase section */

/* Begin PBXSourcesBuildPhase section */
		772568CF2AF57AF400B1A71B /* Sources */ = {
			isa = PBXSourcesBuildPhase;
			buildActionMask = 2147483647;
			files = (
				774C748F2AF9913200133873 /* MealRepositoryProtocol.swift in Sources */,
				777BD97C2AF6E05000EB56CC /* MealSummaryProtocol.swift in Sources */,
				778B0BD72AFACDBE004DD30F /* MealDetailView.swift in Sources */,
				777BD97E2AF6E06200EB56CC /* MealSummary.swift in Sources */,
				776BB8432AF9C1E200742E82 /* MealSummaryView.swift in Sources */,
				772568D92AF57AF400B1A71B /* ContentView.swift in Sources */,
				776BB80E2AF9954B00742E82 /* MealSummaryViewModel.swift in Sources */,
				777BD9822AF6E0FC00EB56CC /* MealDetail.swift in Sources */,
				776BB83C2AF9BC0A00742E82 /* MealDetailViewModelProtocol.swift in Sources */,
				776BB80B2AF9952E00742E82 /* MealSummaryViewModelProtocol.swift in Sources */,
				777BD9802AF6E0C600EB56CC /* MealDetailProtocol.swift in Sources */,
				774C74922AF9919300133873 /* MealRepository.swift in Sources */,
				776BB83E2AF9BC2500742E82 /* MealDetailViewModel.swift in Sources */,
				772568D72AF57AF400B1A71B /* FetchCodingChallengeApp.swift in Sources */,
			);
			runOnlyForDeploymentPostprocessing = 0;
		};
		772568DF2AF57AF500B1A71B /* Sources */ = {
			isa = PBXSourcesBuildPhase;
			buildActionMask = 2147483647;
			files = (
				776BB8112AF995D900742E82 /* MealSummaryViewModelTests.swift in Sources */,
				776BB82E2AF9AB9C00742E82 /* MockMealSummary.swift in Sources */,
				777BD9782AF6DD4100EB56CC /* ModelTests.swift in Sources */,
				776BB8402AF9BD8700742E82 /* MealDetailViewModelTest.swift in Sources */,
				776BB8312AF9ABCD00742E82 /* MockMealDetail.swift in Sources */,
				776BB8392AF9BB7600742E82 /* MockMealSummaryViewModel.swift in Sources */,
				776BB8352AF9ADC600742E82 /* MockMealRepository.swift in Sources */,
			);
			runOnlyForDeploymentPostprocessing = 0;
		};
		772568E92AF57AF500B1A71B /* Sources */ = {
			isa = PBXSourcesBuildPhase;
			buildActionMask = 2147483647;
			files = (
				772568F22AF57AF500B1A71B /* FetchCodingChallengeUITests.swift in Sources */,
				772568F42AF57AF500B1A71B /* FetchCodingChallengeUITestsLaunchTests.swift in Sources */,
			);
			runOnlyForDeploymentPostprocessing = 0;
		};
/* End PBXSourcesBuildPhase section */

/* Begin PBXTargetDependency section */
		772568E52AF57AF500B1A71B /* PBXTargetDependency */ = {
			isa = PBXTargetDependency;
			target = 772568D22AF57AF400B1A71B /* FetchCodingChallenge */;
			targetProxy = 772568E42AF57AF500B1A71B /* PBXContainerItemProxy */;
		};
		772568EF2AF57AF500B1A71B /* PBXTargetDependency */ = {
			isa = PBXTargetDependency;
			target = 772568D22AF57AF400B1A71B /* FetchCodingChallenge */;
			targetProxy = 772568EE2AF57AF500B1A71B /* PBXContainerItemProxy */;
		};
/* End PBXTargetDependency section */

/* Begin XCBuildConfiguration section */
		772568F52AF57AF500B1A71B /* Debug */ = {
			isa = XCBuildConfiguration;
			buildSettings = {
				ALWAYS_SEARCH_USER_PATHS = NO;
				CLANG_ANALYZER_NONNULL = YES;
				CLANG_ANALYZER_NUMBER_OBJECT_CONVERSION = YES_AGGRESSIVE;
				CLANG_CXX_LANGUAGE_STANDARD = "gnu++20";
				CLANG_ENABLE_MODULES = YES;
				CLANG_ENABLE_OBJC_ARC = YES;
				CLANG_ENABLE_OBJC_WEAK = YES;
				CLANG_WARN_BLOCK_CAPTURE_AUTORELEASING = YES;
				CLANG_WARN_BOOL_CONVERSION = YES;
				CLANG_WARN_COMMA = YES;
				CLANG_WARN_CONSTANT_CONVERSION = YES;
				CLANG_WARN_DEPRECATED_OBJC_IMPLEMENTATIONS = YES;
				CLANG_WARN_DIRECT_OBJC_ISA_USAGE = YES_ERROR;
				CLANG_WARN_DOCUMENTATION_COMMENTS = YES;
				CLANG_WARN_EMPTY_BODY = YES;
				CLANG_WARN_ENUM_CONVERSION = YES;
				CLANG_WARN_INFINITE_RECURSION = YES;
				CLANG_WARN_INT_CONVERSION = YES;
				CLANG_WARN_NON_LITERAL_NULL_CONVERSION = YES;
				CLANG_WARN_OBJC_IMPLICIT_RETAIN_SELF = YES;
				CLANG_WARN_OBJC_LITERAL_CONVERSION = YES;
				CLANG_WARN_OBJC_ROOT_CLASS = YES_ERROR;
				CLANG_WARN_QUOTED_INCLUDE_IN_FRAMEWORK_HEADER = YES;
				CLANG_WARN_RANGE_LOOP_ANALYSIS = YES;
				CLANG_WARN_STRICT_PROTOTYPES = YES;
				CLANG_WARN_SUSPICIOUS_MOVE = YES;
				CLANG_WARN_UNGUARDED_AVAILABILITY = YES_AGGRESSIVE;
				CLANG_WARN_UNREACHABLE_CODE = YES;
				CLANG_WARN__DUPLICATE_METHOD_MATCH = YES;
				COPY_PHASE_STRIP = NO;
				DEBUG_INFORMATION_FORMAT = dwarf;
				ENABLE_STRICT_OBJC_MSGSEND = YES;
				ENABLE_TESTABILITY = YES;
				GCC_C_LANGUAGE_STANDARD = gnu11;
				GCC_DYNAMIC_NO_PIC = NO;
				GCC_NO_COMMON_BLOCKS = YES;
				GCC_OPTIMIZATION_LEVEL = 0;
				GCC_PREPROCESSOR_DEFINITIONS = (
					"DEBUG=1",
					"$(inherited)",
				);
				GCC_WARN_64_TO_32_BIT_CONVERSION = YES;
				GCC_WARN_ABOUT_RETURN_TYPE = YES_ERROR;
				GCC_WARN_UNDECLARED_SELECTOR = YES;
				GCC_WARN_UNINITIALIZED_AUTOS = YES_AGGRESSIVE;
				GCC_WARN_UNUSED_FUNCTION = YES;
				GCC_WARN_UNUSED_VARIABLE = YES;
				IPHONEOS_DEPLOYMENT_TARGET = 16.4;
				MTL_ENABLE_DEBUG_INFO = INCLUDE_SOURCE;
				MTL_FAST_MATH = YES;
				ONLY_ACTIVE_ARCH = YES;
				SDKROOT = iphoneos;
				SWIFT_ACTIVE_COMPILATION_CONDITIONS = DEBUG;
				SWIFT_OPTIMIZATION_LEVEL = "-Onone";
			};
			name = Debug;
		};
		772568F62AF57AF500B1A71B /* Release */ = {
			isa = XCBuildConfiguration;
			buildSettings = {
				ALWAYS_SEARCH_USER_PATHS = NO;
				CLANG_ANALYZER_NONNULL = YES;
				CLANG_ANALYZER_NUMBER_OBJECT_CONVERSION = YES_AGGRESSIVE;
				CLANG_CXX_LANGUAGE_STANDARD = "gnu++20";
				CLANG_ENABLE_MODULES = YES;
				CLANG_ENABLE_OBJC_ARC = YES;
				CLANG_ENABLE_OBJC_WEAK = YES;
				CLANG_WARN_BLOCK_CAPTURE_AUTORELEASING = YES;
				CLANG_WARN_BOOL_CONVERSION = YES;
				CLANG_WARN_COMMA = YES;
				CLANG_WARN_CONSTANT_CONVERSION = YES;
				CLANG_WARN_DEPRECATED_OBJC_IMPLEMENTATIONS = YES;
				CLANG_WARN_DIRECT_OBJC_ISA_USAGE = YES_ERROR;
				CLANG_WARN_DOCUMENTATION_COMMENTS = YES;
				CLANG_WARN_EMPTY_BODY = YES;
				CLANG_WARN_ENUM_CONVERSION = YES;
				CLANG_WARN_INFINITE_RECURSION = YES;
				CLANG_WARN_INT_CONVERSION = YES;
				CLANG_WARN_NON_LITERAL_NULL_CONVERSION = YES;
				CLANG_WARN_OBJC_IMPLICIT_RETAIN_SELF = YES;
				CLANG_WARN_OBJC_LITERAL_CONVERSION = YES;
				CLANG_WARN_OBJC_ROOT_CLASS = YES_ERROR;
				CLANG_WARN_QUOTED_INCLUDE_IN_FRAMEWORK_HEADER = YES;
				CLANG_WARN_RANGE_LOOP_ANALYSIS = YES;
				CLANG_WARN_STRICT_PROTOTYPES = YES;
				CLANG_WARN_SUSPICIOUS_MOVE = YES;
				CLANG_WARN_UNGUARDED_AVAILABILITY = YES_AGGRESSIVE;
				CLANG_WARN_UNREACHABLE_CODE = YES;
				CLANG_WARN__DUPLICATE_METHOD_MATCH = YES;
				COPY_PHASE_STRIP = NO;
				DEBUG_INFORMATION_FORMAT = "dwarf-with-dsym";
				ENABLE_NS_ASSERTIONS = NO;
				ENABLE_STRICT_OBJC_MSGSEND = YES;
				GCC_C_LANGUAGE_STANDARD = gnu11;
				GCC_NO_COMMON_BLOCKS = YES;
				GCC_WARN_64_TO_32_BIT_CONVERSION = YES;
				GCC_WARN_ABOUT_RETURN_TYPE = YES_ERROR;
				GCC_WARN_UNDECLARED_SELECTOR = YES;
				GCC_WARN_UNINITIALIZED_AUTOS = YES_AGGRESSIVE;
				GCC_WARN_UNUSED_FUNCTION = YES;
				GCC_WARN_UNUSED_VARIABLE = YES;
				IPHONEOS_DEPLOYMENT_TARGET = 16.4;
				MTL_ENABLE_DEBUG_INFO = NO;
				MTL_FAST_MATH = YES;
				SDKROOT = iphoneos;
				SWIFT_COMPILATION_MODE = wholemodule;
				SWIFT_OPTIMIZATION_LEVEL = "-O";
				VALIDATE_PRODUCT = YES;
			};
			name = Release;
		};
		772568F82AF57AF500B1A71B /* Debug */ = {
			isa = XCBuildConfiguration;
			buildSettings = {
				ASSETCATALOG_COMPILER_APPICON_NAME = AppIcon;
				ASSETCATALOG_COMPILER_GLOBAL_ACCENT_COLOR_NAME = AccentColor;
				CODE_SIGN_STYLE = Automatic;
				CURRENT_PROJECT_VERSION = 1;
				DEVELOPMENT_ASSET_PATHS = "\"FetchCodingChallenge/Preview Content\"";
				DEVELOPMENT_TEAM = 4QY57KKASP;
				ENABLE_PREVIEWS = YES;
				GENERATE_INFOPLIST_FILE = YES;
				INFOPLIST_KEY_UIApplicationSceneManifest_Generation = YES;
				INFOPLIST_KEY_UIApplicationSupportsIndirectInputEvents = YES;
				INFOPLIST_KEY_UILaunchScreen_Generation = YES;
				INFOPLIST_KEY_UISupportedInterfaceOrientations_iPad = "UIInterfaceOrientationPortrait UIInterfaceOrientationPortraitUpsideDown UIInterfaceOrientationLandscapeLeft UIInterfaceOrientationLandscapeRight";
				INFOPLIST_KEY_UISupportedInterfaceOrientations_iPhone = "UIInterfaceOrientationPortrait UIInterfaceOrientationLandscapeLeft UIInterfaceOrientationLandscapeRight";
				LD_RUNPATH_SEARCH_PATHS = (
					"$(inherited)",
					"@executable_path/Frameworks",
				);
				MARKETING_VERSION = 1.0;
				PRODUCT_BUNDLE_IDENTIFIER = "alpine-software.FetchCodingChallenge";
				PRODUCT_NAME = "$(TARGET_NAME)";
				SWIFT_EMIT_LOC_STRINGS = YES;
				SWIFT_VERSION = 5.0;
				TARGETED_DEVICE_FAMILY = "1,2";
			};
			name = Debug;
		};
		772568F92AF57AF500B1A71B /* Release */ = {
			isa = XCBuildConfiguration;
			buildSettings = {
				ASSETCATALOG_COMPILER_APPICON_NAME = AppIcon;
				ASSETCATALOG_COMPILER_GLOBAL_ACCENT_COLOR_NAME = AccentColor;
				CODE_SIGN_STYLE = Automatic;
				CURRENT_PROJECT_VERSION = 1;
				DEVELOPMENT_ASSET_PATHS = "\"FetchCodingChallenge/Preview Content\"";
				DEVELOPMENT_TEAM = 4QY57KKASP;
				ENABLE_PREVIEWS = YES;
				GENERATE_INFOPLIST_FILE = YES;
				INFOPLIST_KEY_UIApplicationSceneManifest_Generation = YES;
				INFOPLIST_KEY_UIApplicationSupportsIndirectInputEvents = YES;
				INFOPLIST_KEY_UILaunchScreen_Generation = YES;
				INFOPLIST_KEY_UISupportedInterfaceOrientations_iPad = "UIInterfaceOrientationPortrait UIInterfaceOrientationPortraitUpsideDown UIInterfaceOrientationLandscapeLeft UIInterfaceOrientationLandscapeRight";
				INFOPLIST_KEY_UISupportedInterfaceOrientations_iPhone = "UIInterfaceOrientationPortrait UIInterfaceOrientationLandscapeLeft UIInterfaceOrientationLandscapeRight";
				LD_RUNPATH_SEARCH_PATHS = (
					"$(inherited)",
					"@executable_path/Frameworks",
				);
				MARKETING_VERSION = 1.0;
				PRODUCT_BUNDLE_IDENTIFIER = "alpine-software.FetchCodingChallenge";
				PRODUCT_NAME = "$(TARGET_NAME)";
				SWIFT_EMIT_LOC_STRINGS = YES;
				SWIFT_VERSION = 5.0;
				TARGETED_DEVICE_FAMILY = "1,2";
			};
			name = Release;
		};
		772568FB2AF57AF500B1A71B /* Debug */ = {
			isa = XCBuildConfiguration;
			buildSettings = {
				ALWAYS_EMBED_SWIFT_STANDARD_LIBRARIES = YES;
				BUNDLE_LOADER = "$(TEST_HOST)";
				CODE_SIGN_STYLE = Automatic;
				CURRENT_PROJECT_VERSION = 1;
				DEVELOPMENT_TEAM = 4QY57KKASP;
				GENERATE_INFOPLIST_FILE = YES;
				IPHONEOS_DEPLOYMENT_TARGET = 16.4;
				MARKETING_VERSION = 1.0;
				PRODUCT_BUNDLE_IDENTIFIER = "alpine-software.FetchCodingChallengeTests";
				PRODUCT_NAME = "$(TARGET_NAME)";
				SWIFT_EMIT_LOC_STRINGS = NO;
				SWIFT_VERSION = 5.0;
				TARGETED_DEVICE_FAMILY = "1,2";
				TEST_HOST = "$(BUILT_PRODUCTS_DIR)/FetchCodingChallenge.app/$(BUNDLE_EXECUTABLE_FOLDER_PATH)/FetchCodingChallenge";
			};
			name = Debug;
		};
		772568FC2AF57AF500B1A71B /* Release */ = {
			isa = XCBuildConfiguration;
			buildSettings = {
				ALWAYS_EMBED_SWIFT_STANDARD_LIBRARIES = YES;
				BUNDLE_LOADER = "$(TEST_HOST)";
				CODE_SIGN_STYLE = Automatic;
				CURRENT_PROJECT_VERSION = 1;
				DEVELOPMENT_TEAM = 4QY57KKASP;
				GENERATE_INFOPLIST_FILE = YES;
				IPHONEOS_DEPLOYMENT_TARGET = 16.4;
				MARKETING_VERSION = 1.0;
				PRODUCT_BUNDLE_IDENTIFIER = "alpine-software.FetchCodingChallengeTests";
				PRODUCT_NAME = "$(TARGET_NAME)";
				SWIFT_EMIT_LOC_STRINGS = NO;
				SWIFT_VERSION = 5.0;
				TARGETED_DEVICE_FAMILY = "1,2";
				TEST_HOST = "$(BUILT_PRODUCTS_DIR)/FetchCodingChallenge.app/$(BUNDLE_EXECUTABLE_FOLDER_PATH)/FetchCodingChallenge";
			};
			name = Release;
		};
		772568FE2AF57AF500B1A71B /* Debug */ = {
			isa = XCBuildConfiguration;
			buildSettings = {
				ALWAYS_EMBED_SWIFT_STANDARD_LIBRARIES = YES;
				CODE_SIGN_STYLE = Automatic;
				CURRENT_PROJECT_VERSION = 1;
				DEVELOPMENT_TEAM = 4QY57KKASP;
				GENERATE_INFOPLIST_FILE = YES;
				MARKETING_VERSION = 1.0;
				PRODUCT_BUNDLE_IDENTIFIER = "alpine-software.FetchCodingChallengeUITests";
				PRODUCT_NAME = "$(TARGET_NAME)";
				SWIFT_EMIT_LOC_STRINGS = NO;
				SWIFT_VERSION = 5.0;
				TARGETED_DEVICE_FAMILY = "1,2";
				TEST_TARGET_NAME = FetchCodingChallenge;
			};
			name = Debug;
		};
		772568FF2AF57AF500B1A71B /* Release */ = {
			isa = XCBuildConfiguration;
			buildSettings = {
				ALWAYS_EMBED_SWIFT_STANDARD_LIBRARIES = YES;
				CODE_SIGN_STYLE = Automatic;
				CURRENT_PROJECT_VERSION = 1;
				DEVELOPMENT_TEAM = 4QY57KKASP;
				GENERATE_INFOPLIST_FILE = YES;
				MARKETING_VERSION = 1.0;
				PRODUCT_BUNDLE_IDENTIFIER = "alpine-software.FetchCodingChallengeUITests";
				PRODUCT_NAME = "$(TARGET_NAME)";
				SWIFT_EMIT_LOC_STRINGS = NO;
				SWIFT_VERSION = 5.0;
				TARGETED_DEVICE_FAMILY = "1,2";
				TEST_TARGET_NAME = FetchCodingChallenge;
			};
			name = Release;
		};
/* End XCBuildConfiguration section */

/* Begin XCConfigurationList section */
		772568CE2AF57AF400B1A71B /* Build configuration list for PBXProject "FetchCodingChallenge" */ = {
			isa = XCConfigurationList;
			buildConfigurations = (
				772568F52AF57AF500B1A71B /* Debug */,
				772568F62AF57AF500B1A71B /* Release */,
			);
			defaultConfigurationIsVisible = 0;
			defaultConfigurationName = Release;
		};
		772568F72AF57AF500B1A71B /* Build configuration list for PBXNativeTarget "FetchCodingChallenge" */ = {
			isa = XCConfigurationList;
			buildConfigurations = (
				772568F82AF57AF500B1A71B /* Debug */,
				772568F92AF57AF500B1A71B /* Release */,
			);
			defaultConfigurationIsVisible = 0;
			defaultConfigurationName = Release;
		};
		772568FA2AF57AF500B1A71B /* Build configuration list for PBXNativeTarget "FetchCodingChallengeTests" */ = {
			isa = XCConfigurationList;
			buildConfigurations = (
				772568FB2AF57AF500B1A71B /* Debug */,
				772568FC2AF57AF500B1A71B /* Release */,
			);
			defaultConfigurationIsVisible = 0;
			defaultConfigurationName = Release;
		};
		772568FD2AF57AF500B1A71B /* Build configuration list for PBXNativeTarget "FetchCodingChallengeUITests" */ = {
			isa = XCConfigurationList;
			buildConfigurations = (
				772568FE2AF57AF500B1A71B /* Debug */,
				772568FF2AF57AF500B1A71B /* Release */,
			);
			defaultConfigurationIsVisible = 0;
			defaultConfigurationName = Release;
		};
/* End XCConfigurationList section */

/* Begin XCRemoteSwiftPackageReference section */
		776BB8242AF9AA5700742E82 /* XCRemoteSwiftPackageReference "SwiftMock" */ = {
			isa = XCRemoteSwiftPackageReference;
			repositoryURL = "https://github.com/mflint/SwiftMock.git";
			requirement = {
				kind = upToNextMajorVersion;
				minimumVersion = 5.0.0;
			};
		};
		777BD95D2AF6CF4B00EB56CC /* XCRemoteSwiftPackageReference "Kingfisher" */ = {
			isa = XCRemoteSwiftPackageReference;
			repositoryURL = "https://github.com/onevcat/Kingfisher.git";
			requirement = {
				kind = upToNextMajorVersion;
				minimumVersion = 7.0.0;
			};
		};
		777BD9602AF6CF9500EB56CC /* XCRemoteSwiftPackageReference "OHHTTPStubs" */ = {
			isa = XCRemoteSwiftPackageReference;
			repositoryURL = "https://github.com/AliSoftware/OHHTTPStubs.git";
			requirement = {
				kind = upToNextMajorVersion;
				minimumVersion = 9.0.0;
			};
		};
/* End XCRemoteSwiftPackageReference section */

/* Begin XCSwiftPackageProductDependency section */
		777BD95E2AF6CF4B00EB56CC /* Kingfisher */ = {
			isa = XCSwiftPackageProductDependency;
			package = 777BD95D2AF6CF4B00EB56CC /* XCRemoteSwiftPackageReference "Kingfisher" */;
			productName = Kingfisher;
		};
		777BD9612AF6CF9500EB56CC /* OHHTTPStubs */ = {
			isa = XCSwiftPackageProductDependency;
			package = 777BD9602AF6CF9500EB56CC /* XCRemoteSwiftPackageReference "OHHTTPStubs" */;
			productName = OHHTTPStubs;
		};
		777BD9632AF6CF9500EB56CC /* OHHTTPStubsSwift */ = {
			isa = XCSwiftPackageProductDependency;
			package = 777BD9602AF6CF9500EB56CC /* XCRemoteSwiftPackageReference "OHHTTPStubs" */;
			productName = OHHTTPStubsSwift;
		};
/* End XCSwiftPackageProductDependency section */
	};
	rootObject = 772568CB2AF57AF400B1A71B /* Project object */;
}
